
Microsoft Visual Studio Solution File, Format Version 11.00
# Visual Studio 2010
Project("{FAE04EC0-301F-11D3-BF4B-00C04F79EFBC}") = "ITCR.InclusionesTec", "ITCR.InclusionesTec\ITCR.InclusionesTec.csproj", "{76986844-42BA-4FC6-A84F-A7FAC0FB6F03}"
EndProject
Project("{FAE04EC0-301F-11D3-BF4B-00C04F79EFBC}") = "ITCR.InclusionesTec.Tests", "ITCR.InclusionesTec.Tests\ITCR.InclusionesTec.Tests.csproj", "{6ECC6EF2-5135-4992-88C2-74575F1A9A56}"
EndProject
Global
	GlobalSection(SolutionConfigurationPlatforms) = preSolution
		Debug|Any CPU = Debug|Any CPU
		Release|Any CPU = Release|Any CPU
	EndGlobalSection
	GlobalSection(ProjectConfigurationPlatforms) = postSolution
		{76986844-42BA-4FC6-A84F-A7FAC0FB6F03}.Debug|Any CPU.ActiveCfg = Debug|Any CPU
		{76986844-42BA-4FC6-A84F-A7FAC0FB6F03}.Debug|Any CPU.Build.0 = Debug|Any CPU
		{76986844-42BA-4FC6-A84F-A7FAC0FB6F03}.Release|Any CPU.ActiveCfg = Release|Any CPU
		{76986844-42BA-4FC6-A84F-A7FAC0FB6F03}.Release|Any CPU.Build.0 = Release|Any CPU
		{6ECC6EF2-5135-4992-88C2-74575F1A9A56}.Debug|Any CPU.ActiveCfg = Debug|Any CPU
		{6ECC6EF2-5135-4992-88C2-74575F1A9A56}.Debug|Any CPU.Build.0 = Debug|Any CPU
		{6ECC6EF2-5135-4992-88C2-74575F1A9A56}.Release|Any CPU.ActiveCfg = Release|Any CPU
		{6ECC6EF2-5135-4992-88C2-74575F1A9A56}.Release|Any CPU.Build.0 = Release|Any CPU
	EndGlobalSection
	GlobalSection(SolutionProperties) = preSolution
		HideSolutionNode = FALSE
	EndGlobalSection
EndGlobal
