
Microsoft Visual Studio Solution File, Format Version 11.00
# Visual Studio 2010
Project("{FAE04EC0-301F-11D3-BF4B-00C04F79EFBC}") = "ITCR.InclusionesTec", "ITCR.InclusionesTec\ITCR.InclusionesTec.csproj", "{76986844-42BA-4FC6-A84F-A7FAC0FB6F03}"
EndProject
Project("{FAE04EC0-301F-11D3-BF4B-00C04F79EFBC}") = "ITCR.InclusionesTec.Tests", "ITCR.InclusionesTec.Tests\ITCR.InclusionesTec.Tests.csproj", "{6ECC6EF2-5135-4992-88C2-74575F1A9A56}"
EndProject
Project("{F088123C-0E9E-452A-89E6-6BA2F21D5CAC}") = "Inclutec_ModeladoCapas", "Inclutec_ModeladoCapas\Inclutec_ModeladoCapas.modelproj", "{5EB9C9D4-E8DE-4A87-BFCA-38939C6663A6}"
EndProject
Project("{FAE04EC0-301F-11D3-BF4B-00C04F79EFBC}") = "ITCR.InclusionesWeb", "ITCR.InclusionesWeb\ITCR.InclusionesWeb.csproj", "{4F238E1B-63F1-4325-B7BC-369C61432E87}"
EndProject
Project("{FAE04EC0-301F-11D3-BF4B-00C04F79EFBC}") = "ITCR.AdoAccesoDatos", "ITCR.AccesoDatos\ITCR.AdoAccesoDatos.csproj", "{20F6AA5E-9E0D-485C-A70A-5AE8AE2B606D}"
EndProject
Project("{FAE04EC0-301F-11D3-BF4B-00C04F79EFBC}") = "ITCR.ClasesComunes", "ITCR.CommonClasses\ITCR.ClasesComunes.csproj", "{146288B6-4D66-4A4A-851D-7F444EF3550F}"
EndProject
Project("{FAE04EC0-301F-11D3-BF4B-00C04F79EFBC}") = "ITCR.MetodosAccesoDatos", "ITCR.MetodosAccesoDatos\ITCR.MetodosAccesoDatos.csproj", "{D7D02D6B-4CEE-4754-B772-641B7C8AB036}"
EndProject
Project("{FAE04EC0-301F-11D3-BF4B-00C04F79EFBC}") = "ITCR.AdoModeloAcDatos", "ITCR.ModeloAccesoDatos\ITCR.AdoModeloAcDatos.csproj", "{E7748A12-5149-475A-AB4F-D9994038EDBD}"
EndProject
Project("{FAE04EC0-301F-11D3-BF4B-00C04F79EFBC}") = "ITCR.RestServiciosWebDatos", "ITCR.RestServiciosWebDatos\ITCR.RestServiciosWebDatos.csproj", "{6605BBA9-79B4-4F5B-91EA-26CCC6B372DF}"
EndProject
Global
	GlobalSection(SolutionConfigurationPlatforms) = preSolution
		Debug|Any CPU = Debug|Any CPU
		Release|Any CPU = Release|Any CPU
	EndGlobalSection
	GlobalSection(ProjectConfigurationPlatforms) = postSolution
		{76986844-42BA-4FC6-A84F-A7FAC0FB6F03}.Debug|Any CPU.ActiveCfg = Debug|Any CPU
		{76986844-42BA-4FC6-A84F-A7FAC0FB6F03}.Debug|Any CPU.Build.0 = Debug|Any CPU
		{76986844-42BA-4FC6-A84F-A7FAC0FB6F03}.Release|Any CPU.ActiveCfg = Release|Any CPU
		{76986844-42BA-4FC6-A84F-A7FAC0FB6F03}.Release|Any CPU.Build.0 = Release|Any CPU
		{6ECC6EF2-5135-4992-88C2-74575F1A9A56}.Debug|Any CPU.ActiveCfg = Debug|Any CPU
		{6ECC6EF2-5135-4992-88C2-74575F1A9A56}.Debug|Any CPU.Build.0 = Debug|Any CPU
		{6ECC6EF2-5135-4992-88C2-74575F1A9A56}.Release|Any CPU.ActiveCfg = Release|Any CPU
		{6ECC6EF2-5135-4992-88C2-74575F1A9A56}.Release|Any CPU.Build.0 = Release|Any CPU
		{5EB9C9D4-E8DE-4A87-BFCA-38939C6663A6}.Debug|Any CPU.ActiveCfg = Debug|Any CPU
		{5EB9C9D4-E8DE-4A87-BFCA-38939C6663A6}.Debug|Any CPU.Build.0 = Debug|Any CPU
		{5EB9C9D4-E8DE-4A87-BFCA-38939C6663A6}.Release|Any CPU.ActiveCfg = Release|Any CPU
		{5EB9C9D4-E8DE-4A87-BFCA-38939C6663A6}.Release|Any CPU.Build.0 = Release|Any CPU
		{4F238E1B-63F1-4325-B7BC-369C61432E87}.Debug|Any CPU.ActiveCfg = Debug|Any CPU
		{4F238E1B-63F1-4325-B7BC-369C61432E87}.Debug|Any CPU.Build.0 = Debug|Any CPU
		{4F238E1B-63F1-4325-B7BC-369C61432E87}.Release|Any CPU.ActiveCfg = Release|Any CPU
		{4F238E1B-63F1-4325-B7BC-369C61432E87}.Release|Any CPU.Build.0 = Release|Any CPU
		{20F6AA5E-9E0D-485C-A70A-5AE8AE2B606D}.Debug|Any CPU.ActiveCfg = Debug|Any CPU
		{20F6AA5E-9E0D-485C-A70A-5AE8AE2B606D}.Debug|Any CPU.Build.0 = Debug|Any CPU
		{20F6AA5E-9E0D-485C-A70A-5AE8AE2B606D}.Release|Any CPU.ActiveCfg = Release|Any CPU
		{20F6AA5E-9E0D-485C-A70A-5AE8AE2B606D}.Release|Any CPU.Build.0 = Release|Any CPU
		{146288B6-4D66-4A4A-851D-7F444EF3550F}.Debug|Any CPU.ActiveCfg = Debug|Any CPU
		{146288B6-4D66-4A4A-851D-7F444EF3550F}.Debug|Any CPU.Build.0 = Debug|Any CPU
		{146288B6-4D66-4A4A-851D-7F444EF3550F}.Release|Any CPU.ActiveCfg = Release|Any CPU
		{146288B6-4D66-4A4A-851D-7F444EF3550F}.Release|Any CPU.Build.0 = Release|Any CPU
		{D7D02D6B-4CEE-4754-B772-641B7C8AB036}.Debug|Any CPU.ActiveCfg = Debug|Any CPU
		{D7D02D6B-4CEE-4754-B772-641B7C8AB036}.Debug|Any CPU.Build.0 = Debug|Any CPU
		{D7D02D6B-4CEE-4754-B772-641B7C8AB036}.Release|Any CPU.ActiveCfg = Release|Any CPU
		{D7D02D6B-4CEE-4754-B772-641B7C8AB036}.Release|Any CPU.Build.0 = Release|Any CPU
		{E7748A12-5149-475A-AB4F-D9994038EDBD}.Debug|Any CPU.ActiveCfg = Debug|Any CPU
		{E7748A12-5149-475A-AB4F-D9994038EDBD}.Debug|Any CPU.Build.0 = Debug|Any CPU
		{E7748A12-5149-475A-AB4F-D9994038EDBD}.Release|Any CPU.ActiveCfg = Release|Any CPU
		{E7748A12-5149-475A-AB4F-D9994038EDBD}.Release|Any CPU.Build.0 = Release|Any CPU
		{6605BBA9-79B4-4F5B-91EA-26CCC6B372DF}.Debug|Any CPU.ActiveCfg = Debug|Any CPU
		{6605BBA9-79B4-4F5B-91EA-26CCC6B372DF}.Debug|Any CPU.Build.0 = Debug|Any CPU
		{6605BBA9-79B4-4F5B-91EA-26CCC6B372DF}.Release|Any CPU.ActiveCfg = Release|Any CPU
		{6605BBA9-79B4-4F5B-91EA-26CCC6B372DF}.Release|Any CPU.Build.0 = Release|Any CPU
	EndGlobalSection
	GlobalSection(SolutionProperties) = preSolution
		HideSolutionNode = FALSE
	EndGlobalSection
EndGlobal
