
Microsoft Visual Studio Solution File, Format Version 11.00
# Visual Studio 2010
Project("{FAE04EC0-301F-11D3-BF4B-00C04F79EFBC}") = "PlantillaADO", "ConsoleApplication1\PlantillaADO.csproj", "{A69F9B45-3E4A-4ED1-B790-473D0D8C8A3C}"
EndProject
Project("{FAE04EC0-301F-11D3-BF4B-00C04F79EFBC}") = "ITCR.ClasesComunes", "ITCR.CommonClasses\ITCR.ClasesComunes.csproj", "{146288B6-4D66-4A4A-851D-7F444EF3550F}"
EndProject
Project("{FAE04EC0-301F-11D3-BF4B-00C04F79EFBC}") = "ITCR.AdoAccesoDatos", "ITCR.AccesoDatos\ITCR.AdoAccesoDatos.csproj", "{20F6AA5E-9E0D-485C-A70A-5AE8AE2B606D}"
EndProject
Project("{FAE04EC0-301F-11D3-BF4B-00C04F79EFBC}") = "ITCR.AdoModeloAcDatos", "ITCR.ModeloAccesoDatos\ITCR.AdoModeloAcDatos.csproj", "{E7748A12-5149-475A-AB4F-D9994038EDBD}"
EndProject
Project("{F088123C-0E9E-452A-89E6-6BA2F21D5CAC}") = "Inclutec_ModeladoCapas", "Inclutec_ModeladoCapas\Inclutec_ModeladoCapas.modelproj", "{5EB9C9D4-E8DE-4A87-BFCA-38939C6663A6}"
EndProject
Project("{FAE04EC0-301F-11D3-BF4B-00C04F79EFBC}") = "ITCR.RestServiciosWebDatos", "ITCR.RestServiciosWebDatos\ITCR.RestServiciosWebDatos.csproj", "{6605BBA9-79B4-4F5B-91EA-26CCC6B372DF}"
EndProject
Project("{FAE04EC0-301F-11D3-BF4B-00C04F79EFBC}") = "ITCR.MetodosAccesoDatos", "ITCR.MetodosAccesoDatos\ITCR.MetodosAccesoDatos.csproj", "{D7D02D6B-4CEE-4754-B772-641B7C8AB036}"
EndProject
Global
	GlobalSection(SolutionConfigurationPlatforms) = preSolution
		Debug|Any CPU = Debug|Any CPU
		Debug|Mixed Platforms = Debug|Mixed Platforms
		Debug|x86 = Debug|x86
		Release|Any CPU = Release|Any CPU
		Release|Mixed Platforms = Release|Mixed Platforms
		Release|x86 = Release|x86
	EndGlobalSection
	GlobalSection(ProjectConfigurationPlatforms) = postSolution
		{A69F9B45-3E4A-4ED1-B790-473D0D8C8A3C}.Debug|Any CPU.ActiveCfg = Debug|x86
		{A69F9B45-3E4A-4ED1-B790-473D0D8C8A3C}.Debug|Mixed Platforms.ActiveCfg = Debug|x86
		{A69F9B45-3E4A-4ED1-B790-473D0D8C8A3C}.Debug|Mixed Platforms.Build.0 = Debug|x86
		{A69F9B45-3E4A-4ED1-B790-473D0D8C8A3C}.Debug|x86.ActiveCfg = Debug|x86
		{A69F9B45-3E4A-4ED1-B790-473D0D8C8A3C}.Debug|x86.Build.0 = Debug|x86
		{A69F9B45-3E4A-4ED1-B790-473D0D8C8A3C}.Release|Any CPU.ActiveCfg = Release|x86
		{A69F9B45-3E4A-4ED1-B790-473D0D8C8A3C}.Release|Mixed Platforms.ActiveCfg = Release|x86
		{A69F9B45-3E4A-4ED1-B790-473D0D8C8A3C}.Release|Mixed Platforms.Build.0 = Release|x86
		{A69F9B45-3E4A-4ED1-B790-473D0D8C8A3C}.Release|x86.ActiveCfg = Release|x86
		{A69F9B45-3E4A-4ED1-B790-473D0D8C8A3C}.Release|x86.Build.0 = Release|x86
		{146288B6-4D66-4A4A-851D-7F444EF3550F}.Debug|Any CPU.ActiveCfg = Debug|Any CPU
		{146288B6-4D66-4A4A-851D-7F444EF3550F}.Debug|Any CPU.Build.0 = Debug|Any CPU
		{146288B6-4D66-4A4A-851D-7F444EF3550F}.Debug|Mixed Platforms.ActiveCfg = Debug|Any CPU
		{146288B6-4D66-4A4A-851D-7F444EF3550F}.Debug|Mixed Platforms.Build.0 = Debug|Any CPU
		{146288B6-4D66-4A4A-851D-7F444EF3550F}.Debug|x86.ActiveCfg = Debug|Any CPU
		{146288B6-4D66-4A4A-851D-7F444EF3550F}.Release|Any CPU.ActiveCfg = Release|Any CPU
		{146288B6-4D66-4A4A-851D-7F444EF3550F}.Release|Any CPU.Build.0 = Release|Any CPU
		{146288B6-4D66-4A4A-851D-7F444EF3550F}.Release|Mixed Platforms.ActiveCfg = Release|Any CPU
		{146288B6-4D66-4A4A-851D-7F444EF3550F}.Release|Mixed Platforms.Build.0 = Release|Any CPU
		{146288B6-4D66-4A4A-851D-7F444EF3550F}.Release|x86.ActiveCfg = Release|Any CPU
		{20F6AA5E-9E0D-485C-A70A-5AE8AE2B606D}.Debug|Any CPU.ActiveCfg = Debug|Any CPU
		{20F6AA5E-9E0D-485C-A70A-5AE8AE2B606D}.Debug|Any CPU.Build.0 = Debug|Any CPU
		{20F6AA5E-9E0D-485C-A70A-5AE8AE2B606D}.Debug|Mixed Platforms.ActiveCfg = Debug|Any CPU
		{20F6AA5E-9E0D-485C-A70A-5AE8AE2B606D}.Debug|Mixed Platforms.Build.0 = Debug|Any CPU
		{20F6AA5E-9E0D-485C-A70A-5AE8AE2B606D}.Debug|x86.ActiveCfg = Debug|Any CPU
		{20F6AA5E-9E0D-485C-A70A-5AE8AE2B606D}.Release|Any CPU.ActiveCfg = Release|Any CPU
		{20F6AA5E-9E0D-485C-A70A-5AE8AE2B606D}.Release|Any CPU.Build.0 = Release|Any CPU
		{20F6AA5E-9E0D-485C-A70A-5AE8AE2B606D}.Release|Mixed Platforms.ActiveCfg = Release|Any CPU
		{20F6AA5E-9E0D-485C-A70A-5AE8AE2B606D}.Release|Mixed Platforms.Build.0 = Release|Any CPU
		{20F6AA5E-9E0D-485C-A70A-5AE8AE2B606D}.Release|x86.ActiveCfg = Release|Any CPU
		{E7748A12-5149-475A-AB4F-D9994038EDBD}.Debug|Any CPU.ActiveCfg = Debug|Any CPU
		{E7748A12-5149-475A-AB4F-D9994038EDBD}.Debug|Any CPU.Build.0 = Debug|Any CPU
		{E7748A12-5149-475A-AB4F-D9994038EDBD}.Debug|Mixed Platforms.ActiveCfg = Debug|Any CPU
		{E7748A12-5149-475A-AB4F-D9994038EDBD}.Debug|Mixed Platforms.Build.0 = Debug|Any CPU
		{E7748A12-5149-475A-AB4F-D9994038EDBD}.Debug|x86.ActiveCfg = Debug|Any CPU
		{E7748A12-5149-475A-AB4F-D9994038EDBD}.Release|Any CPU.ActiveCfg = Release|Any CPU
		{E7748A12-5149-475A-AB4F-D9994038EDBD}.Release|Any CPU.Build.0 = Release|Any CPU
		{E7748A12-5149-475A-AB4F-D9994038EDBD}.Release|Mixed Platforms.ActiveCfg = Release|Any CPU
		{E7748A12-5149-475A-AB4F-D9994038EDBD}.Release|Mixed Platforms.Build.0 = Release|Any CPU
		{E7748A12-5149-475A-AB4F-D9994038EDBD}.Release|x86.ActiveCfg = Release|Any CPU
		{5EB9C9D4-E8DE-4A87-BFCA-38939C6663A6}.Debug|Any CPU.ActiveCfg = Debug|Any CPU
		{5EB9C9D4-E8DE-4A87-BFCA-38939C6663A6}.Debug|Any CPU.Build.0 = Debug|Any CPU
		{5EB9C9D4-E8DE-4A87-BFCA-38939C6663A6}.Debug|Mixed Platforms.ActiveCfg = Debug|Any CPU
		{5EB9C9D4-E8DE-4A87-BFCA-38939C6663A6}.Debug|Mixed Platforms.Build.0 = Debug|Any CPU
		{5EB9C9D4-E8DE-4A87-BFCA-38939C6663A6}.Debug|x86.ActiveCfg = Debug|Any CPU
		{5EB9C9D4-E8DE-4A87-BFCA-38939C6663A6}.Release|Any CPU.ActiveCfg = Release|Any CPU
		{5EB9C9D4-E8DE-4A87-BFCA-38939C6663A6}.Release|Any CPU.Build.0 = Release|Any CPU
		{5EB9C9D4-E8DE-4A87-BFCA-38939C6663A6}.Release|Mixed Platforms.ActiveCfg = Release|Any CPU
		{5EB9C9D4-E8DE-4A87-BFCA-38939C6663A6}.Release|Mixed Platforms.Build.0 = Release|Any CPU
		{5EB9C9D4-E8DE-4A87-BFCA-38939C6663A6}.Release|x86.ActiveCfg = Release|Any CPU
		{6605BBA9-79B4-4F5B-91EA-26CCC6B372DF}.Debug|Any CPU.ActiveCfg = Debug|Any CPU
		{6605BBA9-79B4-4F5B-91EA-26CCC6B372DF}.Debug|Any CPU.Build.0 = Debug|Any CPU
		{6605BBA9-79B4-4F5B-91EA-26CCC6B372DF}.Debug|Mixed Platforms.ActiveCfg = Debug|Any CPU
		{6605BBA9-79B4-4F5B-91EA-26CCC6B372DF}.Debug|Mixed Platforms.Build.0 = Debug|Any CPU
		{6605BBA9-79B4-4F5B-91EA-26CCC6B372DF}.Debug|x86.ActiveCfg = Debug|Any CPU
		{6605BBA9-79B4-4F5B-91EA-26CCC6B372DF}.Release|Any CPU.ActiveCfg = Release|Any CPU
		{6605BBA9-79B4-4F5B-91EA-26CCC6B372DF}.Release|Any CPU.Build.0 = Release|Any CPU
		{6605BBA9-79B4-4F5B-91EA-26CCC6B372DF}.Release|Mixed Platforms.ActiveCfg = Release|Any CPU
		{6605BBA9-79B4-4F5B-91EA-26CCC6B372DF}.Release|Mixed Platforms.Build.0 = Release|Any CPU
		{6605BBA9-79B4-4F5B-91EA-26CCC6B372DF}.Release|x86.ActiveCfg = Release|Any CPU
		{D7D02D6B-4CEE-4754-B772-641B7C8AB036}.Debug|Any CPU.ActiveCfg = Debug|Any CPU
		{D7D02D6B-4CEE-4754-B772-641B7C8AB036}.Debug|Any CPU.Build.0 = Debug|Any CPU
		{D7D02D6B-4CEE-4754-B772-641B7C8AB036}.Debug|Mixed Platforms.ActiveCfg = Debug|Any CPU
		{D7D02D6B-4CEE-4754-B772-641B7C8AB036}.Debug|Mixed Platforms.Build.0 = Debug|Any CPU
		{D7D02D6B-4CEE-4754-B772-641B7C8AB036}.Debug|x86.ActiveCfg = Debug|Any CPU
		{D7D02D6B-4CEE-4754-B772-641B7C8AB036}.Release|Any CPU.ActiveCfg = Release|Any CPU
		{D7D02D6B-4CEE-4754-B772-641B7C8AB036}.Release|Any CPU.Build.0 = Release|Any CPU
		{D7D02D6B-4CEE-4754-B772-641B7C8AB036}.Release|Mixed Platforms.ActiveCfg = Release|Any CPU
		{D7D02D6B-4CEE-4754-B772-641B7C8AB036}.Release|Mixed Platforms.Build.0 = Release|Any CPU
		{D7D02D6B-4CEE-4754-B772-641B7C8AB036}.Release|x86.ActiveCfg = Release|Any CPU
	EndGlobalSection
	GlobalSection(SolutionProperties) = preSolution
		HideSolutionNode = FALSE
	EndGlobalSection
EndGlobal
